// !$*UTF8*$!
{
	archiveVersion = 1;
	classes = {
	};
	objectVersion = 46;
	objects = {

/* Begin PBXBuildFile section */
		1927CAB91E0760C70030E8AE /* SettingsViewController.swift in Sources */ = {isa = PBXBuildFile; fileRef = 1927CAB81E0760C70030E8AE /* SettingsViewController.swift */; };
		19B272771E0343C900D92944 /* AppDelegate.swift in Sources */ = {isa = PBXBuildFile; fileRef = 19B272761E0343C900D92944 /* AppDelegate.swift */; };
		19B272791E0343C900D92944 /* ViewController.swift in Sources */ = {isa = PBXBuildFile; fileRef = 19B272781E0343C900D92944 /* ViewController.swift */; };
		19B2727C1E0343C900D92944 /* Main.storyboard in Resources */ = {isa = PBXBuildFile; fileRef = 19B2727A1E0343C900D92944 /* Main.storyboard */; };
		19B2727E1E0343C900D92944 /* Assets.xcassets in Resources */ = {isa = PBXBuildFile; fileRef = 19B2727D1E0343C900D92944 /* Assets.xcassets */; };
		19B272811E0343C900D92944 /* LaunchScreen.storyboard in Resources */ = {isa = PBXBuildFile; fileRef = 19B2727F1E0343C900D92944 /* LaunchScreen.storyboard */; };
		19B2728C1E0343C900D92944 /* Tip_CalculatorTests.swift in Sources */ = {isa = PBXBuildFile; fileRef = 19B2728B1E0343C900D92944 /* Tip_CalculatorTests.swift */; };
		19B272971E0343C900D92944 /* Tip_CalculatorUITests.swift in Sources */ = {isa = PBXBuildFile; fileRef = 19B272961E0343C900D92944 /* Tip_CalculatorUITests.swift */; };
/* End PBXBuildFile section */

/* Begin PBXContainerItemProxy section */
		19B272881E0343C900D92944 /* PBXContainerItemProxy */ = {
			isa = PBXContainerItemProxy;
			containerPortal = 19B2726B1E0343C800D92944 /* Project object */;
			proxyType = 1;
			remoteGlobalIDString = 19B272721E0343C800D92944;
			remoteInfo = "Tip Calculator";
		};
		19B272931E0343C900D92944 /* PBXContainerItemProxy */ = {
			isa = PBXContainerItemProxy;
			containerPortal = 19B2726B1E0343C800D92944 /* Project object */;
			proxyType = 1;
			remoteGlobalIDString = 19B272721E0343C800D92944;
			remoteInfo = "Tip Calculator";
		};
/* End PBXContainerItemProxy section */

/* Begin PBXFileReference section */
		1927CAB81E0760C70030E8AE /* SettingsViewController.swift */ = {isa = PBXFileReference; fileEncoding = 4; lastKnownFileType = sourcecode.swift; name = SettingsViewController.swift; path = ../SettingsViewController.swift; sourceTree = "<group>"; };
		19B272731E0343C900D92944 /* Tip Calculator.app */ = {isa = PBXFileReference; explicitFileType = wrapper.application; includeInIndex = 0; path = "Tip Calculator.app"; sourceTree = BUILT_PRODUCTS_DIR; };
		19B272761E0343C900D92944 /* AppDelegate.swift */ = {isa = PBXFileReference; lastKnownFileType = sourcecode.swift; path = AppDelegate.swift; sourceTree = "<group>"; };
		19B272781E0343C900D92944 /* ViewController.swift */ = {isa = PBXFileReference; lastKnownFileType = sourcecode.swift; path = ViewController.swift; sourceTree = "<group>"; };
		19B2727B1E0343C900D92944 /* Base */ = {isa = PBXFileReference; lastKnownFileType = file.storyboard; name = Base; path = Base.lproj/Main.storyboard; sourceTree = "<group>"; };
		19B2727D1E0343C900D92944 /* Assets.xcassets */ = {isa = PBXFileReference; lastKnownFileType = folder.assetcatalog; path = Assets.xcassets; sourceTree = "<group>"; };
		19B272801E0343C900D92944 /* Base */ = {isa = PBXFileReference; lastKnownFileType = file.storyboard; name = Base; path = Base.lproj/LaunchScreen.storyboard; sourceTree = "<group>"; };
		19B272821E0343C900D92944 /* Info.plist */ = {isa = PBXFileReference; lastKnownFileType = text.plist.xml; path = Info.plist; sourceTree = "<group>"; };
		19B272871E0343C900D92944 /* Tip CalculatorTests.xctest */ = {isa = PBXFileReference; explicitFileType = wrapper.cfbundle; includeInIndex = 0; path = "Tip CalculatorTests.xctest"; sourceTree = BUILT_PRODUCTS_DIR; };
		19B2728B1E0343C900D92944 /* Tip_CalculatorTests.swift */ = {isa = PBXFileReference; lastKnownFileType = sourcecode.swift; path = Tip_CalculatorTests.swift; sourceTree = "<group>"; };
		19B2728D1E0343C900D92944 /* Info.plist */ = {isa = PBXFileReference; lastKnownFileType = text.plist.xml; path = Info.plist; sourceTree = "<group>"; };
		19B272921E0343C900D92944 /* Tip CalculatorUITests.xctest */ = {isa = PBXFileReference; explicitFileType = wrapper.cfbundle; includeInIndex = 0; path = "Tip CalculatorUITests.xctest"; sourceTree = BUILT_PRODUCTS_DIR; };
		19B272961E0343C900D92944 /* Tip_CalculatorUITests.swift */ = {isa = PBXFileReference; lastKnownFileType = sourcecode.swift; path = Tip_CalculatorUITests.swift; sourceTree = "<group>"; };
		19B272981E0343C900D92944 /* Info.plist */ = {isa = PBXFileReference; lastKnownFileType = text.plist.xml; path = Info.plist; sourceTree = "<group>"; };
/* End PBXFileReference section */

/* Begin PBXFrameworksBuildPhase section */
		19B272701E0343C800D92944 /* Frameworks */ = {
			isa = PBXFrameworksBuildPhase;
			buildActionMask = 2147483647;
			files = (
			);
			runOnlyForDeploymentPostprocessing = 0;
		};
		19B272841E0343C900D92944 /* Frameworks */ = {
			isa = PBXFrameworksBuildPhase;
			buildActionMask = 2147483647;
			files = (
			);
			runOnlyForDeploymentPostprocessing = 0;
		};
		19B2728F1E0343C900D92944 /* Frameworks */ = {
			isa = PBXFrameworksBuildPhase;
			buildActionMask = 2147483647;
			files = (
			);
			runOnlyForDeploymentPostprocessing = 0;
		};
/* End PBXFrameworksBuildPhase section */

/* Begin PBXGroup section */
		19B2726A1E0343C800D92944 = {
			isa = PBXGroup;
			children = (
				19B272751E0343C900D92944 /* Tip Calculator */,
				19B2728A1E0343C900D92944 /* Tip CalculatorTests */,
				19B272951E0343C900D92944 /* Tip CalculatorUITests */,
				19B272741E0343C900D92944 /* Products */,
			);
			sourceTree = "<group>";
		};
		19B272741E0343C900D92944 /* Products */ = {
			isa = PBXGroup;
			children = (
				19B272731E0343C900D92944 /* Tip Calculator.app */,
				19B272871E0343C900D92944 /* Tip CalculatorTests.xctest */,
				19B272921E0343C900D92944 /* Tip CalculatorUITests.xctest */,
			);
			name = Products;
			sourceTree = "<group>";
		};
		19B272751E0343C900D92944 /* Tip Calculator */ = {
			isa = PBXGroup;
			children = (
				1927CAB81E0760C70030E8AE /* SettingsViewController.swift */,
				19B272761E0343C900D92944 /* AppDelegate.swift */,
				19B272781E0343C900D92944 /* ViewController.swift */,
				19B2727A1E0343C900D92944 /* Main.storyboard */,
				19B2727D1E0343C900D92944 /* Assets.xcassets */,
				19B2727F1E0343C900D92944 /* LaunchScreen.storyboard */,
				19B272821E0343C900D92944 /* Info.plist */,
			);
			path = "Tip Calculator";
			sourceTree = "<group>";
		};
		19B2728A1E0343C900D92944 /* Tip CalculatorTests */ = {
			isa = PBXGroup;
			children = (
				19B2728B1E0343C900D92944 /* Tip_CalculatorTests.swift */,
				19B2728D1E0343C900D92944 /* Info.plist */,
			);
			path = "Tip CalculatorTests";
			sourceTree = "<group>";
		};
		19B272951E0343C900D92944 /* Tip CalculatorUITests */ = {
			isa = PBXGroup;
			children = (
				19B272961E0343C900D92944 /* Tip_CalculatorUITests.swift */,
				19B272981E0343C900D92944 /* Info.plist */,
			);
			path = "Tip CalculatorUITests";
			sourceTree = "<group>";
		};
/* End PBXGroup section */

/* Begin PBXNativeTarget section */
		19B272721E0343C800D92944 /* Tip Calculator */ = {
			isa = PBXNativeTarget;
			buildConfigurationList = 19B2729B1E0343C900D92944 /* Build configuration list for PBXNativeTarget "Tip Calculator" */;
			buildPhases = (
				19B2726F1E0343C800D92944 /* Sources */,
				19B272701E0343C800D92944 /* Frameworks */,
				19B272711E0343C800D92944 /* Resources */,
			);
			buildRules = (
			);
			dependencies = (
			);
			name = "Tip Calculator";
			productName = "Tip Calculator";
			productReference = 19B272731E0343C900D92944 /* Tip Calculator.app */;
			productType = "com.apple.product-type.application";
		};
		19B272861E0343C900D92944 /* Tip CalculatorTests */ = {
			isa = PBXNativeTarget;
			buildConfigurationList = 19B2729E1E0343C900D92944 /* Build configuration list for PBXNativeTarget "Tip CalculatorTests" */;
			buildPhases = (
				19B272831E0343C900D92944 /* Sources */,
				19B272841E0343C900D92944 /* Frameworks */,
				19B272851E0343C900D92944 /* Resources */,
			);
			buildRules = (
			);
			dependencies = (
				19B272891E0343C900D92944 /* PBXTargetDependency */,
			);
			name = "Tip CalculatorTests";
			productName = "Tip CalculatorTests";
			productReference = 19B272871E0343C900D92944 /* Tip CalculatorTests.xctest */;
			productType = "com.apple.product-type.bundle.unit-test";
		};
		19B272911E0343C900D92944 /* Tip CalculatorUITests */ = {
			isa = PBXNativeTarget;
			buildConfigurationList = 19B272A11E0343C900D92944 /* Build configuration list for PBXNativeTarget "Tip CalculatorUITests" */;
			buildPhases = (
				19B2728E1E0343C900D92944 /* Sources */,
				19B2728F1E0343C900D92944 /* Frameworks */,
				19B272901E0343C900D92944 /* Resources */,
			);
			buildRules = (
			);
			dependencies = (
				19B272941E0343C900D92944 /* PBXTargetDependency */,
			);
			name = "Tip CalculatorUITests";
			productName = "Tip CalculatorUITests";
			productReference = 19B272921E0343C900D92944 /* Tip CalculatorUITests.xctest */;
			productType = "com.apple.product-type.bundle.ui-testing";
		};
/* End PBXNativeTarget section */

/* Begin PBXProject section */
		19B2726B1E0343C800D92944 /* Project object */ = {
			isa = PBXProject;
			attributes = {
				LastSwiftUpdateCheck = 0800;
				LastUpgradeCheck = 0800;
				ORGANIZATIONNAME = "Asu Dhakal";
				TargetAttributes = {
					19B272721E0343C800D92944 = {
						CreatedOnToolsVersion = 8.0;
						ProvisioningStyle = Automatic;
					};
					19B272861E0343C900D92944 = {
						CreatedOnToolsVersion = 8.0;
						ProvisioningStyle = Automatic;
						TestTargetID = 19B272721E0343C800D92944;
					};
					19B272911E0343C900D92944 = {
						CreatedOnToolsVersion = 8.0;
						ProvisioningStyle = Automatic;
						TestTargetID = 19B272721E0343C800D92944;
					};
				};
			};
			buildConfigurationList = 19B2726E1E0343C800D92944 /* Build configuration list for PBXProject "Tip Calculator" */;
			compatibilityVersion = "Xcode 3.2";
			developmentRegion = English;
			hasScannedForEncodings = 0;
			knownRegions = (
				en,
				Base,
			);
			mainGroup = 19B2726A1E0343C800D92944;
			productRefGroup = 19B272741E0343C900D92944 /* Products */;
			projectDirPath = "";
			projectRoot = "";
			targets = (
				19B272721E0343C800D92944 /* Tip Calculator */,
				19B272861E0343C900D92944 /* Tip CalculatorTests */,
				19B272911E0343C900D92944 /* Tip CalculatorUITests */,
			);
		};
/* End PBXProject section */

/* Begin PBXResourcesBuildPhase section */
		19B272711E0343C800D92944 /* Resources */ = {
			isa = PBXResourcesBuildPhase;
			buildActionMask = 2147483647;
			files = (
				19B272811E0343C900D92944 /* LaunchScreen.storyboard in Resources */,
				19B2727E1E0343C900D92944 /* Assets.xcassets in Resources */,
				19B2727C1E0343C900D92944 /* Main.storyboard in Resources */,
			);
			runOnlyForDeploymentPostprocessing = 0;
		};
		19B272851E0343C900D92944 /* Resources */ = {
			isa = PBXResourcesBuildPhase;
			buildActionMask = 2147483647;
			files = (
			);
			runOnlyForDeploymentPostprocessing = 0;
		};
		19B272901E0343C900D92944 /* Resources */ = {
			isa = PBXResourcesBuildPhase;
			buildActionMask = 2147483647;
			files = (
			);
			runOnlyForDeploymentPostprocessing = 0;
		};
/* End PBXResourcesBuildPhase section */

/* Begin PBXSourcesBuildPhase section */
		19B2726F1E0343C800D92944 /* Sources */ = {
			isa = PBXSourcesBuildPhase;
			buildActionMask = 2147483647;
			files = (
				19B272791E0343C900D92944 /* ViewController.swift in Sources */,
				19B272771E0343C900D92944 /* AppDelegate.swift in Sources */,
				1927CAB91E0760C70030E8AE /* SettingsViewController.swift in Sources */,
			);
			runOnlyForDeploymentPostprocessing = 0;
		};
		19B272831E0343C900D92944 /* Sources */ = {
			isa = PBXSourcesBuildPhase;
			buildActionMask = 2147483647;
			files = (
				19B2728C1E0343C900D92944 /* Tip_CalculatorTests.swift in Sources */,
			);
			runOnlyForDeploymentPostprocessing = 0;
		};
		19B2728E1E0343C900D92944 /* Sources */ = {
			isa = PBXSourcesBuildPhase;
			buildActionMask = 2147483647;
			files = (
				19B272971E0343C900D92944 /* Tip_CalculatorUITests.swift in Sources */,
			);
			runOnlyForDeploymentPostprocessing = 0;
		};
/* End PBXSourcesBuildPhase section */

/* Begin PBXTargetDependency section */
		19B272891E0343C900D92944 /* PBXTargetDependency */ = {
			isa = PBXTargetDependency;
			target = 19B272721E0343C800D92944 /* Tip Calculator */;
			targetProxy = 19B272881E0343C900D92944 /* PBXContainerItemProxy */;
		};
		19B272941E0343C900D92944 /* PBXTargetDependency */ = {
			isa = PBXTargetDependency;
			target = 19B272721E0343C800D92944 /* Tip Calculator */;
			targetProxy = 19B272931E0343C900D92944 /* PBXContainerItemProxy */;
		};
/* End PBXTargetDependency section */

/* Begin PBXVariantGroup section */
		19B2727A1E0343C900D92944 /* Main.storyboard */ = {
			isa = PBXVariantGroup;
			children = (
				19B2727B1E0343C900D92944 /* Base */,
			);
			name = Main.storyboard;
			sourceTree = "<group>";
		};
		19B2727F1E0343C900D92944 /* LaunchScreen.storyboard */ = {
			isa = PBXVariantGroup;
			children = (
				19B272801E0343C900D92944 /* Base */,
			);
			name = LaunchScreen.storyboard;
			sourceTree = "<group>";
		};
/* End PBXVariantGroup section */

/* Begin XCBuildConfiguration section */
		19B272991E0343C900D92944 /* Debug */ = {
			isa = XCBuildConfiguration;
			buildSettings = {
				ALWAYS_SEARCH_USER_PATHS = NO;
				CLANG_ANALYZER_NONNULL = YES;
				CLANG_CXX_LANGUAGE_STANDARD = "gnu++0x";
				CLANG_CXX_LIBRARY = "libc++";
				CLANG_ENABLE_MODULES = YES;
				CLANG_ENABLE_OBJC_ARC = YES;
				CLANG_WARN_BOOL_CONVERSION = YES;
				CLANG_WARN_CONSTANT_CONVERSION = YES;
				CLANG_WARN_DIRECT_OBJC_ISA_USAGE = YES_ERROR;
				CLANG_WARN_DOCUMENTATION_COMMENTS = YES;
				CLANG_WARN_EMPTY_BODY = YES;
				CLANG_WARN_ENUM_CONVERSION = YES;
				CLANG_WARN_INFINITE_RECURSION = YES;
				CLANG_WARN_INT_CONVERSION = YES;
				CLANG_WARN_OBJC_ROOT_CLASS = YES_ERROR;
				CLANG_WARN_SUSPICIOUS_MOVES = YES;
				CLANG_WARN_UNREACHABLE_CODE = YES;
				CLANG_WARN__DUPLICATE_METHOD_MATCH = YES;
				"CODE_SIGN_IDENTITY[sdk=iphoneos*]" = "iPhone Developer";
				COPY_PHASE_STRIP = NO;
				DEBUG_INFORMATION_FORMAT = dwarf;
				ENABLE_STRICT_OBJC_MSGSEND = YES;
				ENABLE_TESTABILITY = YES;
				GCC_C_LANGUAGE_STANDARD = gnu99;
				GCC_DYNAMIC_NO_PIC = NO;
				GCC_NO_COMMON_BLOCKS = YES;
				GCC_OPTIMIZATION_LEVEL = 0;
				GCC_PREPROCESSOR_DEFINITIONS = (
					"DEBUG=1",
					"$(inherited)",
				);
				GCC_WARN_64_TO_32_BIT_CONVERSION = YES;
				GCC_WARN_ABOUT_RETURN_TYPE = YES_ERROR;
				GCC_WARN_UNDECLARED_SELECTOR = YES;
				GCC_WARN_UNINITIALIZED_AUTOS = YES_AGGRESSIVE;
				GCC_WARN_UNUSED_FUNCTION = YES;
				GCC_WARN_UNUSED_VARIABLE = YES;
				IPHONEOS_DEPLOYMENT_TARGET = 10.0;
				MTL_ENABLE_DEBUG_INFO = YES;
				ONLY_ACTIVE_ARCH = YES;
				SDKROOT = iphoneos;
				SWIFT_ACTIVE_COMPILATION_CONDITIONS = DEBUG;
				SWIFT_OPTIMIZATION_LEVEL = "-Onone";
				TARGETED_DEVICE_FAMILY = "1,2";
			};
			name = Debug;
		};
		19B2729A1E0343C900D92944 /* Release */ = {
			isa = XCBuildConfiguration;
			buildSettings = {
				ALWAYS_SEARCH_USER_PATHS = NO;
				CLANG_ANALYZER_NONNULL = YES;
				CLANG_CXX_LANGUAGE_STANDARD = "gnu++0x";
				CLANG_CXX_LIBRARY = "libc++";
				CLANG_ENABLE_MODULES = YES;
				CLANG_ENABLE_OBJC_ARC = YES;
				CLANG_WARN_BOOL_CONVERSION = YES;
				CLANG_WARN_CONSTANT_CONVERSION = YES;
				CLANG_WARN_DIRECT_OBJC_ISA_USAGE = YES_ERROR;
				CLANG_WARN_DOCUMENTATION_COMMENTS = YES;
				CLANG_WARN_EMPTY_BODY = YES;
				CLANG_WARN_ENUM_CONVERSION = YES;
				CLANG_WARN_INFINITE_RECURSION = YES;
				CLANG_WARN_INT_CONVERSION = YES;
				CLANG_WARN_OBJC_ROOT_CLASS = YES_ERROR;
				CLANG_WARN_SUSPICIOUS_MOVES = YES;
				CLANG_WARN_UNREACHABLE_CODE = YES;
				CLANG_WARN__DUPLICATE_METHOD_MATCH = YES;
				"CODE_SIGN_IDENTITY[sdk=iphoneos*]" = "iPhone Developer";
				COPY_PHASE_STRIP = NO;
				DEBUG_INFORMATION_FORMAT = "dwarf-with-dsym";
				ENABLE_NS_ASSERTIONS = NO;
				ENABLE_STRICT_OBJC_MSGSEND = YES;
				GCC_C_LANGUAGE_STANDARD = gnu99;
				GCC_NO_COMMON_BLOCKS = YES;
				GCC_WARN_64_TO_32_BIT_CONVERSION = YES;
				GCC_WARN_ABOUT_RETURN_TYPE = YES_ERROR;
				GCC_WARN_UNDECLARED_SELECTOR = YES;
				GCC_WARN_UNINITIALIZED_AUTOS = YES_AGGRESSIVE;
				GCC_WARN_UNUSED_FUNCTION = YES;
				GCC_WARN_UNUSED_VARIABLE = YES;
				IPHONEOS_DEPLOYMENT_TARGET = 10.0;
				MTL_ENABLE_DEBUG_INFO = NO;
				SDKROOT = iphoneos;
				SWIFT_OPTIMIZATION_LEVEL = "-Owholemodule";
				TARGETED_DEVICE_FAMILY = "1,2";
				VALIDATE_PRODUCT = YES;
			};
			name = Release;
		};
		19B2729C1E0343C900D92944 /* Debug */ = {
			isa = XCBuildConfiguration;
			buildSettings = {
				ASSETCATALOG_COMPILER_APPICON_NAME = AppIcon;
				INFOPLIST_FILE = "Tip Calculator/Info.plist";
				LD_RUNPATH_SEARCH_PATHS = "$(inherited) @executable_path/Frameworks";
				PRODUCT_BUNDLE_IDENTIFIER = "Asu.Tip-Calculator";
				PRODUCT_NAME = "$(TARGET_NAME)";
				SWIFT_VERSION = 3.0;
			};
			name = Debug;
		};
		19B2729D1E0343C900D92944 /* Release */ = {
			isa = XCBuildConfiguration;
			buildSettings = {
				ASSETCATALOG_COMPILER_APPICON_NAME = AppIcon;
				INFOPLIST_FILE = "Tip Calculator/Info.plist";
				LD_RUNPATH_SEARCH_PATHS = "$(inherited) @executable_path/Frameworks";
				PRODUCT_BUNDLE_IDENTIFIER = "Asu.Tip-Calculator";
				PRODUCT_NAME = "$(TARGET_NAME)";
				SWIFT_VERSION = 3.0;
			};
			name = Release;
		};
		19B2729F1E0343C900D92944 /* Debug */ = {
			isa = XCBuildConfiguration;
			buildSettings = {
				ALWAYS_EMBED_SWIFT_STANDARD_LIBRARIES = YES;
				BUNDLE_LOADER = "$(TEST_HOST)";
				INFOPLIST_FILE = "Tip CalculatorTests/Info.plist";
				LD_RUNPATH_SEARCH_PATHS = "$(inherited) @executable_path/Frameworks @loader_path/Frameworks";
				PRODUCT_BUNDLE_IDENTIFIER = "Asu.Tip-CalculatorTests";
				PRODUCT_NAME = "$(TARGET_NAME)";
				SWIFT_VERSION = 3.0;
				TEST_HOST = "$(BUILT_PRODUCTS_DIR)/Tip Calculator.app/Tip Calculator";
			};
			name = Debug;
		};
		19B272A01E0343C900D92944 /* Release */ = {
			isa = XCBuildConfiguration;
			buildSettings = {
				ALWAYS_EMBED_SWIFT_STANDARD_LIBRARIES = YES;
				BUNDLE_LOADER = "$(TEST_HOST)";
				INFOPLIST_FILE = "Tip CalculatorTests/Info.plist";
				LD_RUNPATH_SEARCH_PATHS = "$(inherited) @executable_path/Frameworks @loader_path/Frameworks";
				PRODUCT_BUNDLE_IDENTIFIER = "Asu.Tip-CalculatorTests";
				PRODUCT_NAME = "$(TARGET_NAME)";
				SWIFT_VERSION = 3.0;
				TEST_HOST = "$(BUILT_PRODUCTS_DIR)/Tip Calculator.app/Tip Calculator";
			};
			name = Release;
		};
		19B272A21E0343C900D92944 /* Debug */ = {
			isa = XCBuildConfiguration;
			buildSettings = {
				ALWAYS_EMBED_SWIFT_STANDARD_LIBRARIES = YES;
				INFOPLIST_FILE = "Tip CalculatorUITests/Info.plist";
				LD_RUNPATH_SEARCH_PATHS = "$(inherited) @executable_path/Frameworks @loader_path/Frameworks";
				PRODUCT_BUNDLE_IDENTIFIER = "Asu.Tip-CalculatorUITests";
				PRODUCT_NAME = "$(TARGET_NAME)";
				SWIFT_VERSION = 3.0;
				TEST_TARGET_NAME = "Tip Calculator";
			};
			name = Debug;
		};
		19B272A31E0343C900D92944 /* Release */ = {
			isa = XCBuildConfiguration;
			buildSettings = {
				ALWAYS_EMBED_SWIFT_STANDARD_LIBRARIES = YES;
				INFOPLIST_FILE = "Tip CalculatorUITests/Info.plist";
				LD_RUNPATH_SEARCH_PATHS = "$(inherited) @executable_path/Frameworks @loader_path/Frameworks";
				PRODUCT_BUNDLE_IDENTIFIER = "Asu.Tip-CalculatorUITests";
				PRODUCT_NAME = "$(TARGET_NAME)";
				SWIFT_VERSION = 3.0;
				TEST_TARGET_NAME = "Tip Calculator";
			};
			name = Release;
		};
/* End XCBuildConfiguration section */

/* Begin XCConfigurationList section */
		19B2726E1E0343C800D92944 /* Build configuration list for PBXProject "Tip Calculator" */ = {
			isa = XCConfigurationList;
			buildConfigurations = (
				19B272991E0343C900D92944 /* Debug */,
				19B2729A1E0343C900D92944 /* Release */,
			);
			defaultConfigurationIsVisible = 0;
			defaultConfigurationName = Release;
		};
		19B2729B1E0343C900D92944 /* Build configuration list for PBXNativeTarget "Tip Calculator" */ = {
			isa = XCConfigurationList;
			buildConfigurations = (
				19B2729C1E0343C900D92944 /* Debug */,
				19B2729D1E0343C900D92944 /* Release */,
			);
			defaultConfigurationIsVisible = 0;
			defaultConfigurationName = Release;
		};
		19B2729E1E0343C900D92944 /* Build configuration list for PBXNativeTarget "Tip CalculatorTests" */ = {
			isa = XCConfigurationList;
			buildConfigurations = (
				19B2729F1E0343C900D92944 /* Debug */,
				19B272A01E0343C900D92944 /* Release */,
			);
			defaultConfigurationIsVisible = 0;
			defaultConfigurationName = Release;
		};
		19B272A11E0343C900D92944 /* Build configuration list for PBXNativeTarget "Tip CalculatorUITests" */ = {
			isa = XCConfigurationList;
			buildConfigurations = (
				19B272A21E0343C900D92944 /* Debug */,
				19B272A31E0343C900D92944 /* Release */,
			);
			defaultConfigurationIsVisible = 0;
			defaultConfigurationName = Release;
		};
/* End XCConfigurationList section */
	};
	rootObject = 19B2726B1E0343C800D92944 /* Project object */;
}
